
Microsoft Visual Studio Solution File, Format Version 12.00
# Visual Studio Version 17
VisualStudioVersion = 17.9.34616.47
MinimumVisualStudioVersion = 10.0.40219.1
Project("{FAE04EC0-301F-11D3-BF4B-00C04F79EFBC}") = "tdspx-cp-mvc", "tdspx-cp-mvc\tdspx-cp-mvc.csproj", "{30B5ABD6-059F-4C64-90C6-E3CEC3F4D18A}"
EndProject
Global
	GlobalSection(SolutionConfigurationPlatforms) = preSolution
		Debug|Any CPU = Debug|Any CPU
		Release|Any CPU = Release|Any CPU
	EndGlobalSection
	GlobalSection(ProjectConfigurationPlatforms) = postSolution
		{30B5ABD6-059F-4C64-90C6-E3CEC3F4D18A}.Debug|Any CPU.ActiveCfg = Debug|Any CPU
		{30B5ABD6-059F-4C64-90C6-E3CEC3F4D18A}.Debug|Any CPU.Build.0 = Debug|Any CPU
		{30B5ABD6-059F-4C64-90C6-E3CEC3F4D18A}.Release|Any CPU.ActiveCfg = Release|Any CPU
		{30B5ABD6-059F-4C64-90C6-E3CEC3F4D18A}.Release|Any CPU.Build.0 = Release|Any CPU
	EndGlobalSection
	GlobalSection(SolutionProperties) = preSolution
		HideSolutionNode = FALSE
	EndGlobalSection
	GlobalSection(ExtensibilityGlobals) = postSolution
		SolutionGuid = {2846EE38-E0FC-4014-ABF9-F6BEF004BD85}
	EndGlobalSection
EndGlobal
